<?xml version="1.0" encoding="utf-8"?>
<Project ToolsVersion="4.0" xmlns="http://schemas.microsoft.com/developer/msbuild/2003">
  <ItemGroup>
    <Filter Include="Source Files">
      <UniqueIdentifier>{4FC737F1-C7A5-4376-A066-2A32D752A2FF}</UniqueIdentifier>
      <Extensions>cpp;c;cc;cxx;def;odl;idl;hpj;bat;asm;asmx</Extensions>
    </Filter>
    <Filter Include="Header Files">
      <UniqueIdentifier>{93995380-89BD-4b04-88EB-625FBE52EBFB}</UniqueIdentifier>
      <Extensions>h;hpp;hxx;hm;inl;inc;xsd</Extensions>
    </Filter>
    <Filter Include="Resource Files">
      <UniqueIdentifier>{67DA6AB6-F800-4c08-8B7A-83BB121AAD01}</UniqueIdentifier>
      <Extensions>rc;ico;cur;bmp;dlg;rc2;rct;bin;rgs;gif;jpg;jpeg;jpe;resx;tiff;tif;png;wav;mfcribbon-ms</Extensions>
    </Filter>
    <Filter Include="Header Files\Layouts">
      <UniqueIdentifier>{41d352aa-ffa6-43e0-9d65-f76b0de7dc13}</UniqueIdentifier>
    </Filter>
    <Filter Include="Source Files\Layouts">
      <UniqueIdentifier>{dec5337d-6f41-4264-857f-f6240ff5438d}</UniqueIdentifier>
    </Filter>
    <Filter Include="Header Files\Map">
      <UniqueIdentifier>{a9a8069a-844e-49cd-a5c1-0303a90a62bf}</UniqueIdentifier>
    </Filter>
    <Filter Include="Source Files\Map">
      <UniqueIdentifier>{27557d7b-af1f-4ac9-9b1e-fcfa8486bcf3}</UniqueIdentifier>
    </Filter>
  </ItemGroup>
  <ItemGroup>
    <ClCompile Include="..\src\app.cpp">
      <Filter>Source Files</Filter>
    </ClCompile>
    <ClCompile Include="..\src\ImageResource.cpp">
      <Filter>Source Files</Filter>
    </ClCompile>
    <ClCompile Include="..\src\main.cpp">
      <Filter>Source Files</Filter>
    </ClCompile>
    <ClCompile Include="..\src\MainMenu.cpp">
      <Filter>Source Files\Layouts</Filter>
    </ClCompile>
    <ClCompile Include="..\src\Layout.cpp">
      <Filter>Source Files\Layouts</Filter>
    </ClCompile>
    <ClCompile Include="..\src\MapCreator.cpp">
      <Filter>Source Files\Layouts</Filter>
    </ClCompile>
    <ClCompile Include="..\src\Tile.cpp">
      <Filter>Source Files\Map</Filter>
    </ClCompile>
    <ClCompile Include="..\src\Grid.cpp">
      <Filter>Source Files\Map</Filter>
    </ClCompile>
    <ClCompile Include="..\src\Map.cpp">
      <Filter>Source Files\Map</Filter>
    </ClCompile>
    <ClCompile Include="..\src\TextButton.cpp">
      <Filter>Source Files</Filter>
    </ClCompile>
    <ClCompile Include="..\src\CharacterDisplay.cpp">
      <Filter>Source Files</Filter>
    </ClCompile>
    <ClCompile Include="..\src\Play.cpp">
      <Filter>Source Files\Layouts</Filter>
    </ClCompile>
  </ItemGroup>
  <ItemGroup>
    <ClInclude Include="..\src\app.h">
      <Filter>Header Files</Filter>
    </ClInclude>
    <ClInclude Include="..\src\ImageResource.h">
      <Filter>Header Files</Filter>
    </ClInclude>
    <ClInclude Include="..\src\MainMenu.h">
      <Filter>Header Files\Layouts</Filter>
    </ClInclude>
    <ClInclude Include="..\src\Layout.h">
      <Filter>Header Files\Layouts</Filter>
    </ClInclude>
    <ClInclude Include="..\src\MapCreator.h">
      <Filter>Header Files\Layouts</Filter>
    </ClInclude>
    <ClInclude Include="..\src\Grid.h">
      <Filter>Header Files\Map</Filter>
    </ClInclude>
    <ClInclude Include="..\src\Map.h">
      <Filter>Header Files\Map</Filter>
    </ClInclude>
    <ClInclude Include="..\src\Tile.h">
      <Filter>Header Files\Map</Filter>
    </ClInclude>
    <ClInclude Include="..\src\TextButton.h">
      <Filter>Header Files</Filter>
    </ClInclude>
    <ClInclude Include="..\src\CharacterDisplay.h">
      <Filter>Header Files</Filter>
    </ClInclude>
    <ClInclude Include="..\src\Play.h">
      <Filter>Header Files\Layouts</Filter>
    </ClInclude>
  </ItemGroup>
  <ItemGroup>
    <Xml Include="..\data\res.xml">
      <Filter>Resource Files</Filter>
    </Xml>
  </ItemGroup>
</Project>